
Microsoft Visual Studio Solution File, Format Version 12.00
# Visual Studio 15
VisualStudioVersion = 15.0.26730.16
MinimumVisualStudioVersion = 10.0.40219.1
Project("{FAE04EC0-301F-11D3-BF4B-00C04F79EFBC}") = "InsertionSort", "InseertionSort\InsertionSort.csproj", "{53031519-C74A-4278-AE19-6C248CA96F23}"
EndProject
Project("{FAE04EC0-301F-11D3-BF4B-00C04F79EFBC}") = "InsertionSortTests", "InsertionSortTests\InsertionSortTests.csproj", "{5FC2466E-7A53-4ECD-BDAF-EDA8B1CB400D}"
EndProject
Global
	GlobalSection(SolutionConfigurationPlatforms) = preSolution
		Debug|Any CPU = Debug|Any CPU
		Release|Any CPU = Release|Any CPU
	EndGlobalSection
	GlobalSection(ProjectConfigurationPlatforms) = postSolution
		{53031519-C74A-4278-AE19-6C248CA96F23}.Debug|Any CPU.ActiveCfg = Debug|Any CPU
		{53031519-C74A-4278-AE19-6C248CA96F23}.Debug|Any CPU.Build.0 = Debug|Any CPU
		{53031519-C74A-4278-AE19-6C248CA96F23}.Release|Any CPU.ActiveCfg = Release|Any CPU
		{53031519-C74A-4278-AE19-6C248CA96F23}.Release|Any CPU.Build.0 = Release|Any CPU
		{5FC2466E-7A53-4ECD-BDAF-EDA8B1CB400D}.Debug|Any CPU.ActiveCfg = Debug|Any CPU
		{5FC2466E-7A53-4ECD-BDAF-EDA8B1CB400D}.Debug|Any CPU.Build.0 = Debug|Any CPU
		{5FC2466E-7A53-4ECD-BDAF-EDA8B1CB400D}.Release|Any CPU.ActiveCfg = Release|Any CPU
		{5FC2466E-7A53-4ECD-BDAF-EDA8B1CB400D}.Release|Any CPU.Build.0 = Release|Any CPU
	EndGlobalSection
	GlobalSection(SolutionProperties) = preSolution
		HideSolutionNode = FALSE
	EndGlobalSection
	GlobalSection(ExtensibilityGlobals) = postSolution
		SolutionGuid = {10A2BFC2-7378-40E9-93A4-E41B94B9B4E4}
	EndGlobalSection
EndGlobal
